<?xml version="1.0" encoding="utf-8"?>
<Project ToolsVersion="4.0" xmlns="http://schemas.microsoft.com/developer/msbuild/2003">
  <ItemGroup>
    <Filter Include="Source Files">
      <UniqueIdentifier>{4FC737F1-C7A5-4376-A066-2A32D752A2FF}</UniqueIdentifier>
      <Extensions>cpp;c;cc;cxx;c++;cppm;ixx;def;odl;idl;hpj;bat;asm;asmx</Extensions>
    </Filter>
    <Filter Include="Header Files">
      <UniqueIdentifier>{93995380-89BD-4b04-88EB-625FBE52EBFB}</UniqueIdentifier>
      <Extensions>h;hh;hpp;hxx;h++;hm;inl;inc;ipp;xsd</Extensions>
    </Filter>
    <Filter Include="Resource Files">
      <UniqueIdentifier>{67DA6AB6-F800-4c08-8B7A-83BB121AAD01}</UniqueIdentifier>
      <Extensions>rc;ico;cur;bmp;dlg;rc2;rct;bin;rgs;gif;jpg;jpeg;jpe;resx;tiff;tif;png;wav;mfcribbon-ms</Extensions>
    </Filter>
    <Filter Include="Header Files\Command">
      <UniqueIdentifier>{6044a844-77bd-4c38-a862-6293e334d460}</UniqueIdentifier>
    </Filter>
    <Filter Include="Header Files\ConsoleManager">
      <UniqueIdentifier>{a29dc1e9-003a-4828-8b35-47a6e9644e89}</UniqueIdentifier>
    </Filter>
    <Filter Include="Header Files\Helper">
      <UniqueIdentifier>{4a9d187d-1bdb-4bd7-8dfc-cd5e1d6faf76}</UniqueIdentifier>
    </Filter>
    <Filter Include="Header Files\Process">
      <UniqueIdentifier>{b912e02c-5f79-4bbe-a002-6e976bf39bdf}</UniqueIdentifier>
    </Filter>
    <Filter Include="Header Files\Utils">
      <UniqueIdentifier>{4ce1c2df-dc47-4c06-9aba-756d7e193901}</UniqueIdentifier>
    </Filter>
    <Filter Include="Header Files\Instruction">
      <UniqueIdentifier>{256f4f82-6aa5-41cf-97a3-42bc8c20f3cd}</UniqueIdentifier>
    </Filter>
    <Filter Include="Header Files\Memory">
      <UniqueIdentifier>{76e5bd48-3ef6-414a-a640-8b73d0300607}</UniqueIdentifier>
    </Filter>
  </ItemGroup>
  <ItemGroup>
    <ClCompile Include="AppConfig.cpp">
      <Filter>Header Files\Helper</Filter>
    </ClCompile>
    <ClCompile Include="CSC511C-MP.cpp">
      <Filter>Source Files</Filter>
    </ClCompile>
    <ClCompile Include="CommandDispatcher.cpp">
      <Filter>Header Files\Command</Filter>
    </ClCompile>
    <ClCompile Include="ExitCommand.cpp">
      <Filter>Header Files\Command</Filter>
    </ClCompile>
    <ClCompile Include="ClearCommand.cpp">
      <Filter>Header Files\Command</Filter>
    </ClCompile>
    <ClCompile Include="InitializeCommand.cpp">
      <Filter>Header Files\Command</Filter>
    </ClCompile>
    <ClCompile Include="ScreenCommand.cpp">
      <Filter>Header Files\Command</Filter>
    </ClCompile>
    <ClCompile Include="ReportUtilCommand.cpp">
      <Filter>Header Files\Command</Filter>
    </ClCompile>
    <ClCompile Include="HelpCommand.cpp">
      <Filter>Header Files\Command</Filter>
    </ClCompile>
    <ClCompile Include="ConsoleManager.cpp">
      <Filter>Header Files\ConsoleManager</Filter>
    </ClCompile>
    <ClCompile Include="AConsole.cpp">
      <Filter>Header Files\ConsoleManager</Filter>
    </ClCompile>
    <ClCompile Include="BaseScreen.cpp">
      <Filter>Header Files\ConsoleManager</Filter>
    </ClCompile>
    <ClCompile Include="MainConsole.cpp">
      <Filter>Header Files\ConsoleManager</Filter>
    </ClCompile>
    <ClCompile Include="TextColor.cpp">
      <Filter>Header Files\Helper</Filter>
    </ClCompile>
    <ClCompile Include="CreateScreenCommand.cpp">
      <Filter>Header Files\Command</Filter>
    </ClCompile>
    <ClCompile Include="SystemState.cpp">
      <Filter>Header Files\Helper</Filter>
    </ClCompile>
    <ClCompile Include="SwitchScreenCommand.cpp">
      <Filter>Header Files\Command</Filter>
    </ClCompile>
    <ClCompile Include="Process.cpp">
      <Filter>Header Files\Process</Filter>
    </ClCompile>
    <ClCompile Include="ProcessManager.cpp">
      <Filter>Header Files\Process</Filter>
    </ClCompile>
    <ClCompile Include="TimeUtility.cpp">
      <Filter>Header Files\Utils</Filter>
    </ClCompile>
    <ClCompile Include="CPUTicker.cpp">
      <Filter>Header Files\Process</Filter>
    </ClCompile>
    <ClCompile Include="CPUManager.cpp">
      <Filter>Header Files\Process</Filter>
    </ClCompile>
    <ClCompile Include="EITThread.cpp">
      <Filter>Header Files\Process</Filter>
    </ClCompile>
    <ClCompile Include="Scheduler.cpp">
      <Filter>Header Files\Process</Filter>
    </ClCompile>
    <ClCompile Include="FCFSScheduler.cpp">
      <Filter>Header Files\Process</Filter>
    </ClCompile>
    <ClCompile Include="RRScheduler.cpp">
      <Filter>Header Files\Process</Filter>
    </ClCompile>
    <ClCompile Include="SchedulerStartCommand.cpp">
      <Filter>Header Files\Command</Filter>
    </ClCompile>
    <ClCompile Include="SchedulerStopCommand.cpp">
      <Filter>Header Files\Command</Filter>
    </ClCompile>
    <ClCompile Include="DummyProcessGenerator.cpp">
      <Filter>Header Files\Process</Filter>
    </ClCompile>
    <ClCompile Include="DisplayProcessesCommand.cpp">
      <Filter>Header Files\Command</Filter>
    </ClCompile>
    <ClCompile Include="DeclareVariableInstruction.cpp">
      <Filter>Header Files\Instruction</Filter>
    </ClCompile>
    <ClCompile Include="AddInstruction.cpp">
      <Filter>Header Files\Instruction</Filter>
    </ClCompile>
    <ClCompile Include="ForInstruction.cpp">
      <Filter>Header Files\Instruction</Filter>
    </ClCompile>
    <ClCompile Include="Instruction.cpp">
      <Filter>Header Files\Instruction</Filter>
    </ClCompile>
    <ClCompile Include="PrintInstruction.cpp">
      <Filter>Header Files\Instruction</Filter>
    </ClCompile>
    <ClCompile Include="SubtractInstruction.cpp">
      <Filter>Header Files\Instruction</Filter>
    </ClCompile>
    <ClCompile Include="SleepInstruction.cpp">
      <Filter>Header Files\Instruction</Filter>
    </ClCompile>
    <ClCompile Include="ExitScreenCommand.cpp">
      <Filter>Header Files\Command</Filter>
    </ClCompile>
    <ClCompile Include="SymbolTable.cpp">
      <Filter>Header Files\Process</Filter>
    </ClCompile>
    <ClCompile Include="ProcessList.cpp">
      <Filter>Header Files\Process</Filter>
    </ClCompile>
    <ClCompile Include="ProcessReport.cpp">
      <Filter>Header Files\Process</Filter>
    </ClCompile>
    <ClCompile Include="ParseUtils.cpp">
      <Filter>Header Files\Utils</Filter>
    </ClCompile>
    <ClCompile Include="Operand.cpp">
      <Filter>Header Files\Utils</Filter>
    </ClCompile>
    <ClCompile Include="PrebootScreen.cpp">
      <Filter>Header Files\ConsoleManager</Filter>
    </ClCompile>
    <ClCompile Include="PrintLogsCommand.cpp">
      <Filter>Header Files\Command</Filter>
    </ClCompile>
    <ClCompile Include="FlatMemoryAllocator.cpp">
      <Filter>Header Files\Memory</Filter>
    </ClCompile>
    <ClCompile Include="MemoryManager.cpp">
      <Filter>Header Files\Memory</Filter>
    </ClCompile>
  </ItemGroup>
  <ItemGroup>
    <ClInclude Include="ICommand.h">
      <Filter>Header Files\Command</Filter>
    </ClInclude>
    <ClInclude Include="SchedulerStartCommand.h">
      <Filter>Header Files\Command</Filter>
    </ClInclude>
    <ClInclude Include="SchedulerStopCommand.h">
      <Filter>Header Files\Command</Filter>
    </ClInclude>
    <ClInclude Include="CommandDispatcher.h">
      <Filter>Header Files\Command</Filter>
    </ClInclude>
    <ClInclude Include="ExitCommand.h">
      <Filter>Header Files\Command</Filter>
    </ClInclude>
    <ClInclude Include="ClearCommand.h">
      <Filter>Header Files\Command</Filter>
    </ClInclude>
    <ClInclude Include="InitializeCommand.h">
      <Filter>Header Files\Command</Filter>
    </ClInclude>
    <ClInclude Include="ScreenCommand.h">
      <Filter>Header Files\Command</Filter>
    </ClInclude>
    <ClInclude Include="ReportUtilCommand.h">
      <Filter>Header Files\Command</Filter>
    </ClInclude>
    <ClInclude Include="HelpCommand.h">
      <Filter>Header Files\Command</Filter>
    </ClInclude>
    <ClInclude Include="ConsoleManager.h">
      <Filter>Header Files\ConsoleManager</Filter>
    </ClInclude>
    <ClInclude Include="AConsole.h">
      <Filter>Header Files\ConsoleManager</Filter>
    </ClInclude>
    <ClInclude Include="BaseScreen.h">
      <Filter>Header Files\ConsoleManager</Filter>
    </ClInclude>
    <ClInclude Include="MainConsole.h">
      <Filter>Header Files\ConsoleManager</Filter>
    </ClInclude>
    <ClInclude Include="TextColor.h">
      <Filter>Header Files\Helper</Filter>
    </ClInclude>
    <ClInclude Include="CreateScreenCommand.h">
      <Filter>Header Files\Command</Filter>
    </ClInclude>
    <ClInclude Include="SwitchScreenCommand.h">
      <Filter>Header Files\Command</Filter>
    </ClInclude>
    <ClInclude Include="IHelpDisplayable.h">
      <Filter>Header Files\Command</Filter>
    </ClInclude>
    <ClInclude Include="Process.h">
      <Filter>Header Files\Process</Filter>
    </ClInclude>
    <ClInclude Include="ProcessManager.h">
      <Filter>Header Files\Process</Filter>
    </ClInclude>
    <ClInclude Include="TimeUtility.h">
      <Filter>Header Files\Utils</Filter>
    </ClInclude>
    <ClInclude Include="CPUTicker.h">
      <Filter>Header Files\Process</Filter>
    </ClInclude>
    <ClInclude Include="CPUManager.h">
      <Filter>Header Files\Process</Filter>
    </ClInclude>
    <ClInclude Include="EITThread.h">
      <Filter>Header Files\Process</Filter>
    </ClInclude>
    <ClInclude Include="Scheduler.h">
      <Filter>Header Files\Process</Filter>
    </ClInclude>
    <ClInclude Include="FCFSScheduler.h">
      <Filter>Header Files\Process</Filter>
    </ClInclude>
    <ClInclude Include="RRScheduler.h">
      <Filter>Header Files\Process</Filter>
    </ClInclude>
    <ClInclude Include="AppConfig.h">
      <Filter>Header Files\Helper</Filter>
    </ClInclude>
    <ClInclude Include="SystemState.h">
      <Filter>Header Files\Helper</Filter>
    </ClInclude>
    <ClInclude Include="DummyProcessGenerator.h">
      <Filter>Header Files\Process</Filter>
    </ClInclude>
    <ClInclude Include="DisplayProcessesCommand.h">
      <Filter>Header Files\Command</Filter>
    </ClInclude>
    <ClInclude Include="AddInstruction.h">
      <Filter>Header Files\Instruction</Filter>
    </ClInclude>
    <ClInclude Include="DeclareVariableInstruction.h">
      <Filter>Header Files\Instruction</Filter>
    </ClInclude>
    <ClInclude Include="ForInstruction.h">
      <Filter>Header Files\Instruction</Filter>
    </ClInclude>
    <ClInclude Include="Instruction.h">
      <Filter>Header Files\Instruction</Filter>
    </ClInclude>
    <ClInclude Include="PrintInstruction.h">
      <Filter>Header Files\Instruction</Filter>
    </ClInclude>
    <ClInclude Include="SubtractInstruction.h">
      <Filter>Header Files\Instruction</Filter>
    </ClInclude>
    <ClInclude Include="SleepInstruction.h">
      <Filter>Header Files\Instruction</Filter>
    </ClInclude>
    <ClInclude Include="ExitScreenCommand.h">
      <Filter>Header Files\Command</Filter>
    </ClInclude>
    <ClInclude Include="SymbolTable.h">
      <Filter>Header Files\Process</Filter>
    </ClInclude>
    <ClInclude Include="ProcessReport.h">
      <Filter>Header Files\Process</Filter>
    </ClInclude>
    <ClInclude Include="ProcessList.h">
      <Filter>Header Files\Process</Filter>
    </ClInclude>
    <ClInclude Include="ParseUtils.h">
      <Filter>Header Files\Utils</Filter>
    </ClInclude>
    <ClInclude Include="Operand.h">
      <Filter>Header Files\Utils</Filter>
    </ClInclude>
    <ClInclude Include="PrebootScreen.h">
      <Filter>Header Files\ConsoleManager</Filter>
    </ClInclude>
    <ClInclude Include="PrintLogsCommand.h">
      <Filter>Header Files\Command</Filter>
    </ClInclude>
    <ClInclude Include="IMemoryAllocator.h">
      <Filter>Header Files\Memory</Filter>
    </ClInclude>
    <ClInclude Include="FlatMemoryAllocator.h">
      <Filter>Header Files\Memory</Filter>
    </ClInclude>
    <ClInclude Include="MemoryManager.h">
      <Filter>Header Files\Memory</Filter>
    </ClInclude>
  </ItemGroup>
  <ItemGroup>
    <None Include="ClassDiagram.cd" />
  </ItemGroup>
</Project>