<?xml version="1.0" encoding="utf-8"?>
<Project ToolsVersion="4.0" xmlns="http://schemas.microsoft.com/developer/msbuild/2003">
  <ItemGroup>
    <Filter Include="Source Files">
      <UniqueIdentifier>{4FC737F1-C7A5-4376-A066-2A32D752A2FF}</UniqueIdentifier>
      <Extensions>cpp;c;cc;cxx;c++;cppm;ixx;def;odl;idl;hpj;bat;asm;asmx</Extensions>
    </Filter>
    <Filter Include="Header Files">
      <UniqueIdentifier>{93995380-89BD-4b04-88EB-625FBE52EBFB}</UniqueIdentifier>
      <Extensions>h;hh;hpp;hxx;h++;hm;inl;inc;ipp;xsd</Extensions>
    </Filter>
    <Filter Include="Resource Files">
      <UniqueIdentifier>{67DA6AB6-F800-4c08-8B7A-83BB121AAD01}</UniqueIdentifier>
      <Extensions>rc;ico;cur;bmp;dlg;rc2;rct;bin;rgs;gif;jpg;jpeg;jpe;resx;tiff;tif;png;wav;mfcribbon-ms</Extensions>
    </Filter>
    <Filter Include="Header Files\Command">
      <UniqueIdentifier>{6044a844-77bd-4c38-a862-6293e334d460}</UniqueIdentifier>
    </Filter>
    <Filter Include="Header Files\ConsoleManager">
      <UniqueIdentifier>{a29dc1e9-003a-4828-8b35-47a6e9644e89}</UniqueIdentifier>
    </Filter>
    <Filter Include="Header Files\Helper">
      <UniqueIdentifier>{4a9d187d-1bdb-4bd7-8dfc-cd5e1d6faf76}</UniqueIdentifier>
    </Filter>
  </ItemGroup>
  <ItemGroup>
    <ClCompile Include="CSC511C-MP.cpp">
      <Filter>Source Files</Filter>
    </ClCompile>
    <ClCompile Include="CommandDispatcher.cpp">
      <Filter>Header Files\Command</Filter>
    </ClCompile>
    <ClCompile Include="ExitCommand.cpp">
      <Filter>Header Files\Command</Filter>
    </ClCompile>
    <ClCompile Include="ClearCommand.cpp">
      <Filter>Header Files\Command</Filter>
    </ClCompile>
    <ClCompile Include="InitializeCommand.cpp">
      <Filter>Header Files\Command</Filter>
    </ClCompile>
    <ClCompile Include="ScreenCommand.cpp">
      <Filter>Header Files\Command</Filter>
    </ClCompile>
    <ClCompile Include="ReportUtilCommand.cpp">
      <Filter>Header Files\Command</Filter>
    </ClCompile>
    <ClCompile Include="HelpCommand.cpp">
      <Filter>Header Files\Command</Filter>
    </ClCompile>
    <ClCompile Include="ConsoleManager.cpp">
      <Filter>Header Files\ConsoleManager</Filter>
    </ClCompile>
    <ClCompile Include="AConsole.cpp">
      <Filter>Header Files\ConsoleManager</Filter>
    </ClCompile>
    <ClCompile Include="BaseScreen.cpp">
      <Filter>Header Files\ConsoleManager</Filter>
    </ClCompile>
    <ClCompile Include="MainConsole.cpp">
      <Filter>Header Files\ConsoleManager</Filter>
    </ClCompile>
    <ClCompile Include="TextColor.cpp">
      <Filter>Header Files\Helper</Filter>
    </ClCompile>
    <ClCompile Include="CreateScreenCommand.cpp">
      <Filter>Header Files\Command</Filter>
    </ClCompile>
  </ItemGroup>
  <ItemGroup>
    <ClInclude Include="ICommand.h">
      <Filter>Header Files\Command</Filter>
    </ClInclude>
    <ClInclude Include="Commands.h">
      <Filter>Header Files\Command</Filter>
    </ClInclude>
    <ClInclude Include="CommandDispatcher.h">
      <Filter>Header Files\Command</Filter>
    </ClInclude>
    <ClInclude Include="ExitCommand.h">
      <Filter>Header Files\Command</Filter>
    </ClInclude>
    <ClInclude Include="ClearCommand.h">
      <Filter>Header Files\Command</Filter>
    </ClInclude>
    <ClInclude Include="InitializeCommand.h">
      <Filter>Header Files\Command</Filter>
    </ClInclude>
    <ClInclude Include="ScreenCommand.h">
      <Filter>Header Files\Command</Filter>
    </ClInclude>
    <ClInclude Include="ReportUtilCommand.h">
      <Filter>Header Files\Command</Filter>
    </ClInclude>
    <ClInclude Include="HelpCommand.h">
      <Filter>Header Files\Command</Filter>
    </ClInclude>
    <ClInclude Include="ConsoleManager.h">
      <Filter>Header Files\ConsoleManager</Filter>
    </ClInclude>
    <ClInclude Include="AConsole.h">
      <Filter>Header Files\ConsoleManager</Filter>
    </ClInclude>
    <ClInclude Include="BaseScreen.h">
      <Filter>Header Files\ConsoleManager</Filter>
    </ClInclude>
    <ClInclude Include="MainConsole.h">
      <Filter>Header Files\ConsoleManager</Filter>
    </ClInclude>
    <ClInclude Include="TextColor.h">
      <Filter>Header Files\Helper</Filter>
    </ClInclude>
    <ClInclude Include="CreateScreenCommand.h">
      <Filter>Header Files\Command</Filter>
    </ClInclude>
  </ItemGroup>
</Project>